
Microsoft Visual Studio Solution File, Format Version 12.00
# Visual Studio Version 17
VisualStudioVersion = 17.0.31903.59
MinimumVisualStudioVersion = 10.0.40219.1
Project("{FAE04EC0-301F-11D3-BF4B-00C04F79EFBC}") = "API", "API\API.csproj", "{06D0435F-4C26-47DD-BCA9-67AC3B8F36DA}"
EndProject
Project("{FAE04EC0-301F-11D3-BF4B-00C04F79EFBC}") = "Application", "Application\Application.csproj", "{C2A7D314-EDFD-4D10-B7ED-019A6F202962}"
EndProject
Project("{FAE04EC0-301F-11D3-BF4B-00C04F79EFBC}") = "Domain", "Domain\Domain.csproj", "{14B5E647-366B-4E23-AD8F-4228105772E5}"
EndProject
Project("{FAE04EC0-301F-11D3-BF4B-00C04F79EFBC}") = "Persistence", "Persistence\Persistence.csproj", "{0872A706-8DFC-40C4-B557-999F18412675}"
EndProject
Global
	GlobalSection(SolutionConfigurationPlatforms) = preSolution
		Debug|Any CPU = Debug|Any CPU
		Release|Any CPU = Release|Any CPU
	EndGlobalSection
	GlobalSection(SolutionProperties) = preSolution
		HideSolutionNode = FALSE
	EndGlobalSection
	GlobalSection(ProjectConfigurationPlatforms) = postSolution
		{06D0435F-4C26-47DD-BCA9-67AC3B8F36DA}.Debug|Any CPU.ActiveCfg = Debug|Any CPU
		{06D0435F-4C26-47DD-BCA9-67AC3B8F36DA}.Debug|Any CPU.Build.0 = Debug|Any CPU
		{06D0435F-4C26-47DD-BCA9-67AC3B8F36DA}.Release|Any CPU.ActiveCfg = Release|Any CPU
		{06D0435F-4C26-47DD-BCA9-67AC3B8F36DA}.Release|Any CPU.Build.0 = Release|Any CPU
		{C2A7D314-EDFD-4D10-B7ED-019A6F202962}.Debug|Any CPU.ActiveCfg = Debug|Any CPU
		{C2A7D314-EDFD-4D10-B7ED-019A6F202962}.Debug|Any CPU.Build.0 = Debug|Any CPU
		{C2A7D314-EDFD-4D10-B7ED-019A6F202962}.Release|Any CPU.ActiveCfg = Release|Any CPU
		{C2A7D314-EDFD-4D10-B7ED-019A6F202962}.Release|Any CPU.Build.0 = Release|Any CPU
		{14B5E647-366B-4E23-AD8F-4228105772E5}.Debug|Any CPU.ActiveCfg = Debug|Any CPU
		{14B5E647-366B-4E23-AD8F-4228105772E5}.Debug|Any CPU.Build.0 = Debug|Any CPU
		{14B5E647-366B-4E23-AD8F-4228105772E5}.Release|Any CPU.ActiveCfg = Release|Any CPU
		{14B5E647-366B-4E23-AD8F-4228105772E5}.Release|Any CPU.Build.0 = Release|Any CPU
		{0872A706-8DFC-40C4-B557-999F18412675}.Debug|Any CPU.ActiveCfg = Debug|Any CPU
		{0872A706-8DFC-40C4-B557-999F18412675}.Debug|Any CPU.Build.0 = Debug|Any CPU
		{0872A706-8DFC-40C4-B557-999F18412675}.Release|Any CPU.ActiveCfg = Release|Any CPU
		{0872A706-8DFC-40C4-B557-999F18412675}.Release|Any CPU.Build.0 = Release|Any CPU
	EndGlobalSection
EndGlobal
